
Microsoft Visual Studio Solution File, Format Version 12.00
# Visual Studio Version 17
VisualStudioVersion = 17.7.34221.43
MinimumVisualStudioVersion = 10.0.40219.1
Project("{9A19103F-16F7-4668-BE54-9A1E7A4F7556}") = "Punto", "Punto.csproj", "{2012C0EF-225C-4B0E-8D71-44BD20F12431}"
EndProject
Global
	GlobalSection(SolutionConfigurationPlatforms) = preSolution
		Debug|Any CPU = Debug|Any CPU
		Release|Any CPU = Release|Any CPU
	EndGlobalSection
	GlobalSection(ProjectConfigurationPlatforms) = postSolution
		{2012C0EF-225C-4B0E-8D71-44BD20F12431}.Debug|Any CPU.ActiveCfg = Debug|Any CPU
		{2012C0EF-225C-4B0E-8D71-44BD20F12431}.Debug|Any CPU.Build.0 = Debug|Any CPU
		{2012C0EF-225C-4B0E-8D71-44BD20F12431}.Release|Any CPU.ActiveCfg = Release|Any CPU
		{2012C0EF-225C-4B0E-8D71-44BD20F12431}.Release|Any CPU.Build.0 = Release|Any CPU
	EndGlobalSection
	GlobalSection(SolutionProperties) = preSolution
		HideSolutionNode = FALSE
	EndGlobalSection
	GlobalSection(ExtensibilityGlobals) = postSolution
		SolutionGuid = {2060B718-1D5F-4778-ABDD-8FE2C3ADD3DE}
	EndGlobalSection
EndGlobal
